# THIS IS AN AUTOGENERATED FILE. DO NOT EDIT THIS FILE DIRECTLY.
# yarn lockfile v1


"@types/react@^16.0.25":
  "integrity" "sha512-K79zMwWRzQ2db+nPoKpi3gA/KmLo6ZQgT4iO2QPEUdBO7as0PcgrmU9KHYzIO3V6lbD7gRjOM0/nUch6xBfOvQ=="
  "resolved" "https://registry.npmjs.org/@types/react/-/react-16.0.25.tgz"
  "version" "16.0.25"

"ansi-regex@^2.0.0":
  "integrity" "sha1-w7M6te42DYbg5ijwRorn7yfWVN8="
  "resolved" "https://registry.npmjs.org/ansi-regex/-/ansi-regex-2.1.1.tgz"
  "version" "2.1.1"

"ansi-styles@^2.2.1":
  "integrity" "sha1-tDLdM1i2NM914eRmQ2gkBTPB3b4="
  "resolved" "https://registry.npmjs.org/ansi-styles/-/ansi-styles-2.2.1.tgz"
  "version" "2.2.1"

"ansi-styles@^3.1.0":
  "integrity" "sha512-NnSOmMEYtVR2JVMIGTzynRkkaxtiq1xnFBcdQD/DnNCYPoEPsVJhM98BDyaoNOQIi7p4okdi3E27eN7GQbsUug=="
  "resolved" "https://registry.npmjs.org/ansi-styles/-/ansi-styles-3.2.0.tgz"
  "version" "3.2.0"
  dependencies:
    "color-convert" "^1.9.0"

"babel-code-frame@^6.22.0":
  "integrity" "sha1-Y/1D99weO7fONZR9uP42mj9Yx0s="
  "resolved" "https://registry.npmjs.org/babel-code-frame/-/babel-code-frame-6.26.0.tgz"
  "version" "6.26.0"
  dependencies:
    "chalk" "^1.1.3"
    "esutils" "^2.0.2"
    "js-tokens" "^3.0.2"

"balanced-match@^1.0.0":
  "integrity" "sha1-ibTRmasr7kneFk6gK4nORi1xt2c="
  "resolved" "https://registry.npmjs.org/balanced-match/-/balanced-match-1.0.0.tgz"
  "version" "1.0.0"

"brace-expansion@^1.1.7":
  "integrity" "sha1-wHshHHyVLsH479Uad+8NHTmQopI="
  "resolved" "https://registry.npmjs.org/brace-expansion/-/brace-expansion-1.1.8.tgz"
  "version" "1.1.8"
  dependencies:
    "balanced-match" "^1.0.0"
    "concat-map" "0.0.1"

"builtin-modules@^1.1.1":
  "integrity" "sha1-Jw8HbFpywC9bZaR9+Uxf46J4iS8="
  "resolved" "https://registry.npmjs.org/builtin-modules/-/builtin-modules-1.1.1.tgz"
  "version" "1.1.1"

"chalk@^1.1.3":
  "integrity" "sha1-qBFcVeSnAv5NFQq9OHKCKn4J/Jg="
  "resolved" "https://registry.npmjs.org/chalk/-/chalk-1.1.3.tgz"
  "version" "1.1.3"
  dependencies:
    "ansi-styles" "^2.2.1"
    "escape-string-regexp" "^1.0.2"
    "has-ansi" "^2.0.0"
    "strip-ansi" "^3.0.0"
    "supports-color" "^2.0.0"

"chalk@^2.1.0":
  "integrity" "sha512-Az5zJR2CBujap2rqXGaJKaPHyJ0IrUimvYNX+ncCy8PJP4ltOGTrHUIo097ZaL2zMeKYpiCdqDvS6zdrTFok3Q=="
  "resolved" "https://registry.npmjs.org/chalk/-/chalk-2.3.0.tgz"
  "version" "2.3.0"
  dependencies:
    "ansi-styles" "^3.1.0"
    "escape-string-regexp" "^1.0.5"
    "supports-color" "^4.0.0"

"color-convert@^1.9.0":
  "integrity" "sha512-mjGanIiwQJskCC18rPR6OmrZ6fm2Lc7PeGFYwCmy5J34wC6F1PzdGL6xeMfmgicfYcNLGuVFA3WzXtIDCQSZxQ=="
  "resolved" "https://registry.npmjs.org/color-convert/-/color-convert-1.9.1.tgz"
  "version" "1.9.1"
  dependencies:
    "color-name" "^1.1.1"

"color-name@^1.1.1":
  "integrity" "sha1-p9BVi9icQveV3UIyj3QIMcpTvCU="
  "resolved" "https://registry.npmjs.org/color-name/-/color-name-1.1.3.tgz"
  "version" "1.1.3"

"commander@^2.9.0":
  "integrity" "sha512-BFnaq5ZOGcDN7FlrtBT4xxkgIToalIIxwjxLWVJ8bGTpe1LroqMiqQXdA7ygc7CRvaYS+9zfPGFnJqFSayx+AA=="
  "resolved" "https://registry.npmjs.org/commander/-/commander-2.12.2.tgz"
  "version" "2.12.2"

"concat-map@0.0.1":
  "integrity" "sha1-2Klr13/Wjfd5OnMDajug1UBdR3s="
  "resolved" "https://registry.npmjs.org/concat-map/-/concat-map-0.0.1.tgz"
  "version" "0.0.1"

"diff@^3.2.0":
  "integrity" "sha512-A46qtFgd+g7pDZinpnwiRJtxbC1hpgf0uzP3iG89scHk0AUC7A1TGxf5OiiOUv/JMZR8GOt8hL900hV0bOy5xA=="
  "resolved" "https://registry.npmjs.org/diff/-/diff-3.5.0.tgz"
  "version" "3.5.0"

"doctrine@^0.7.2":
  "integrity" "sha1-fLhgNZujvpDgQLJrcpzkv6ZUxSM="
  "resolved" "https://registry.npmjs.org/doctrine/-/doctrine-0.7.2.tgz"
  "version" "0.7.2"
  dependencies:
    "esutils" "^1.1.6"
    "isarray" "0.0.1"

"escape-string-regexp@^1.0.2", "escape-string-regexp@^1.0.5":
  "integrity" "sha1-G2HAViGQqN/2rjuyzwIAyhMLhtQ="
  "resolved" "https://registry.npmjs.org/escape-string-regexp/-/escape-string-regexp-1.0.5.tgz"
  "version" "1.0.5"

"esutils@^1.1.6":
  "integrity" "sha1-wBzKqa5LiXxtDD4hCuUvPHqEQ3U="
  "resolved" "https://registry.npmjs.org/esutils/-/esutils-1.1.6.tgz"
  "version" "1.1.6"

"esutils@^2.0.2":
  "integrity" "sha1-Cr9PHKpbyx96nYrMbepPqqBLrJs="
  "resolved" "https://registry.npmjs.org/esutils/-/esutils-2.0.2.tgz"
  "version" "2.0.2"

"fs.realpath@^1.0.0":
  "integrity" "sha1-FQStJSMVjKpA20onh8sBQRmU6k8="
  "resolved" "https://registry.npmjs.org/fs.realpath/-/fs.realpath-1.0.0.tgz"
  "version" "1.0.0"

"glob@^7.1.1":
  "integrity" "sha512-MJTUg1kjuLeQCJ+ccE4Vpa6kKVXkPYJ2mOCQyUuKLcLQsdrMCpBPUi8qVE6+YuaJkozeA9NusTAw3hLr8Xe5EQ=="
  "resolved" "https://registry.npmjs.org/glob/-/glob-7.1.2.tgz"
  "version" "7.1.2"
  dependencies:
    "fs.realpath" "^1.0.0"
    "inflight" "^1.0.4"
    "inherits" "2"
    "minimatch" "^3.0.4"
    "once" "^1.3.0"
    "path-is-absolute" "^1.0.0"

"has-ansi@^2.0.0":
  "integrity" "sha1-NPUEnOHs3ysGSa8+8k5F7TVBbZE="
  "resolved" "https://registry.npmjs.org/has-ansi/-/has-ansi-2.0.0.tgz"
  "version" "2.0.0"
  dependencies:
    "ansi-regex" "^2.0.0"

"has-flag@^2.0.0":
  "integrity" "sha1-6CB68cx7MNRGzHC3NLXovhj4jVE="
  "resolved" "https://registry.npmjs.org/has-flag/-/has-flag-2.0.0.tgz"
  "version" "2.0.0"

"import-sort-style-renke@^4.2.0":
  "integrity" "sha512-Bh3KYTKEUiOLthAmpZLrzxtwvWfmy8S8pxjV+Xer280sojDkC+QNysjziic/ZWhoP4m8AypAsIebEM2elWu6+A=="
  "resolved" "https://registry.npmjs.org/import-sort-style-renke/-/import-sort-style-renke-4.2.0.tgz"
  "version" "4.2.0"

"inflight@^1.0.4":
  "integrity" "sha1-Sb1jMdfQLQwJvJEKEHW6gWW1bfk="
  "resolved" "https://registry.npmjs.org/inflight/-/inflight-1.0.6.tgz"
  "version" "1.0.6"
  dependencies:
    "once" "^1.3.0"
    "wrappy" "1"

"inherits@2":
  "integrity" "sha1-Yzwsg+PaQqUC9SRmAiSA9CCCYd4="
  "resolved" "https://registry.npmjs.org/inherits/-/inherits-2.0.3.tgz"
  "version" "2.0.3"

"isarray@0.0.1":
  "integrity" "sha1-ihis/Kmo9Bd+Cav8YDiTmwXR7t8="
  "resolved" "https://registry.npmjs.org/isarray/-/isarray-0.0.1.tgz"
  "version" "0.0.1"

"js-tokens@^3.0.0 || ^4.0.0", "js-tokens@^3.0.2":
  "integrity" "sha1-mGbfOVECEw449/mWvOtlRDIJwls="
  "resolved" "https://registry.npmjs.org/js-tokens/-/js-tokens-3.0.2.tgz"
  "version" "3.0.2"

"lodash.uniqueid@^4.0.1":
  "integrity" "sha1-MmjyanyI5PSxdY1nknGBTjH6WyY="
  "resolved" "https://registry.npmjs.org/lodash.uniqueid/-/lodash.uniqueid-4.0.1.tgz"
  "version" "4.0.1"

"loose-envify@^1.1.0", "loose-envify@^1.4.0":
  "integrity" "sha512-lyuxPGr/Wfhrlem2CL/UcnUc1zcqKAImBDzukY7Y5F/yQiNdko6+fRLevlw1HgMySw7f611UIY408EtxRSoK3Q=="
  "resolved" "https://registry.npmjs.org/loose-envify/-/loose-envify-1.4.0.tgz"
  "version" "1.4.0"
  dependencies:
    "js-tokens" "^3.0.0 || ^4.0.0"

"minimatch@^3.0.4":
  "integrity" "sha512-yJHVQEhyqPLUTgt9B83PXu6W3rx4MvvHvSUvToogpwoGDOUQ+yDrR0HRot+yOCdCO7u4hX3pWft6kWBBcqh0UA=="
  "resolved" "https://registry.npmjs.org/minimatch/-/minimatch-3.0.4.tgz"
  "version" "3.0.4"
  dependencies:
    "brace-expansion" "^1.1.7"

"object-assign@^4.1.1":
  "integrity" "sha1-IQmtx5ZYh8/AXLvUQsrIv7s2CGM="
  "resolved" "https://registry.npmjs.org/object-assign/-/object-assign-4.1.1.tgz"
  "version" "4.1.1"

"once@^1.3.0":
  "integrity" "sha1-WDsap3WWHUsROsF9nFC6753Xa9E="
  "resolved" "https://registry.npmjs.org/once/-/once-1.4.0.tgz"
  "version" "1.4.0"
  dependencies:
    "wrappy" "1"

"path-is-absolute@^1.0.0":
  "integrity" "sha1-F0uSaHNVNP+8es5r9TpanhtcX18="
  "resolved" "https://registry.npmjs.org/path-is-absolute/-/path-is-absolute-1.0.1.tgz"
  "version" "1.0.1"

"path-parse@^1.0.5":
  "integrity" "sha1-PBrfhx6pzWyUMbbqK9dKD/BVxME="
  "resolved" "https://registry.npmjs.org/path-parse/-/path-parse-1.0.5.tgz"
  "version" "1.0.5"

"prettier@^2.3.2":
  "integrity" "sha512-lnJzDfJ66zkMy58OL5/NY5zp70S7Nz6KqcKkXYzn2tMVrNxvbqaBpg7H3qHaLxCJ5lNMsGuM8+ohS7cZrthdLQ=="
  "resolved" "https://registry.npmjs.org/prettier/-/prettier-2.3.2.tgz"
  "version" "2.3.2"

"prop-types@^15.6.0", "prop-types@^15.6.2":
  "integrity" "sha512-8QQikdH7//R2vurIJSutZ1smHYTcLpRWEOlHnzcWHmBYrOGUysKwSsrC89BCiFj3CbrfJ/nXFdJepOVrY1GCHQ=="
  "resolved" "https://registry.npmjs.org/prop-types/-/prop-types-15.7.2.tgz"
  "version" "15.7.2"
  dependencies:
    "loose-envify" "^1.4.0"
    "object-assign" "^4.1.1"
    "react-is" "^16.8.1"

"react-is@^16.8.1":
  "integrity" "sha512-24e6ynE2H+OKt4kqsOvNd8kBpV65zoxbA4BVsEOB3ARVWQki/DHzaUoC5KuON/BiccDaCCTZBuOcfZs70kR8bQ=="
  "resolved" "https://registry.npmjs.org/react-is/-/react-is-16.13.1.tgz"
  "version" "16.13.1"

"react@^16.0.0":
  "integrity" "sha512-0X2CImDkJGApiAlcf0ODKIneSwBPhqJawOa5wCtKbu7ZECrmS26NvtSILynQ66cgkT/RJ4LidJOc3bUESwmU8g=="
  "resolved" "https://registry.npmjs.org/react/-/react-16.14.0.tgz"
  "version" "16.14.0"
  dependencies:
    "loose-envify" "^1.1.0"
    "object-assign" "^4.1.1"
    "prop-types" "^15.6.2"

"resolve@^1.3.2":
  "integrity" "sha512-hgoSGrc3pjzAPHNBg+KnFcK2HwlHTs/YrAGUr6qgTVUZmXv1UEXXl0bZNBKMA9fud6lRYFdPGz0xXxycPzmmiw=="
  "resolved" "https://registry.npmjs.org/resolve/-/resolve-1.5.0.tgz"
  "version" "1.5.0"
  dependencies:
    "path-parse" "^1.0.5"

"semver@^5.3.0":
  "integrity" "sha512-WfG/X9+oATh81XtllIo/I8gOiY9EXRdv1cQdyykeXK17YcUW3EXUAi2To4pcH6nZtJPr7ZOpM5OMyWJZm+8Rsg=="
  "resolved" "https://registry.npmjs.org/semver/-/semver-5.4.1.tgz"
  "version" "5.4.1"

"strip-ansi@^3.0.0":
  "integrity" "sha1-ajhfuIU9lS1f8F0Oiq+UJ43GPc8="
  "resolved" "https://registry.npmjs.org/strip-ansi/-/strip-ansi-3.0.1.tgz"
  "version" "3.0.1"
  dependencies:
    "ansi-regex" "^2.0.0"

"supports-color@^2.0.0":
  "integrity" "sha1-U10EXOa2Nj+kARcIRimZXp3zJMc="
  "resolved" "https://registry.npmjs.org/supports-color/-/supports-color-2.0.0.tgz"
  "version" "2.0.0"

"supports-color@^4.0.0":
  "integrity" "sha1-vnoN5ITexcXN34s9WRJQRJEvY1s="
  "resolved" "https://registry.npmjs.org/supports-color/-/supports-color-4.5.0.tgz"
  "version" "4.5.0"
  dependencies:
    "has-flag" "^2.0.0"

"tslib@^1.0.0", "tslib@^1.7.1":
  "integrity" "sha512-ymKWWZJST0/CkgduC2qkzjMOWr4bouhuURNXCn/inEX0L57BnRG6FhX76o7FOnsjHazCjfU2LKeSrlS2sIKQJg=="
  "resolved" "https://registry.npmjs.org/tslib/-/tslib-1.8.0.tgz"
  "version" "1.8.0"

"tslint-config-prettier@^1.18.0":
  "integrity" "sha512-xPw9PgNPLG3iKRxmK7DWr+Ea/SzrvfHtjFt5LBl61gk2UBG/DB9kCXRjv+xyIU1rUtnayLeMUVJBcMX8Z17nDg=="
  "resolved" "https://registry.npmjs.org/tslint-config-prettier/-/tslint-config-prettier-1.18.0.tgz"
  "version" "1.18.0"

"tslint-config-standard@^7.0.0":
  "integrity" "sha512-QCrLt8WwiRgZpRSgRsk6cExy8/Vipa/5fHespm4Q1ly90EB6Lni04Ub8dkEW10bV3fPN3SkxEwj41ZOe/knCZA=="
  "resolved" "https://registry.npmjs.org/tslint-config-standard/-/tslint-config-standard-7.0.0.tgz"
  "version" "7.0.0"
  dependencies:
    "tslint-eslint-rules" "^4.1.1"

"tslint-eslint-rules@^4.1.1":
  "integrity" "sha1-fDDniC8mvCdr/5HSOEl1xp2viLo="
  "resolved" "https://registry.npmjs.org/tslint-eslint-rules/-/tslint-eslint-rules-4.1.1.tgz"
  "version" "4.1.1"
  dependencies:
    "doctrine" "^0.7.2"
    "tslib" "^1.0.0"
    "tsutils" "^1.4.0"

"tslint-react@^3.2.0":
  "integrity" "sha1-hR+1BSAcY9A0PFFybmNk9+mtLpk="
  "resolved" "https://registry.npmjs.org/tslint-react/-/tslint-react-3.2.0.tgz"
  "version" "3.2.0"
  dependencies:
    "tsutils" "^2.8.0"

"tslint@^5.0.0", "tslint@^5.1.0", "tslint@^5.8.0":
  "integrity" "sha1-H0mtWy53x2w69N3K5VKuTjYS6xM="
  "resolved" "https://registry.npmjs.org/tslint/-/tslint-5.8.0.tgz"
  "version" "5.8.0"
  dependencies:
    "babel-code-frame" "^6.22.0"
    "builtin-modules" "^1.1.1"
    "chalk" "^2.1.0"
    "commander" "^2.9.0"
    "diff" "^3.2.0"
    "glob" "^7.1.1"
    "minimatch" "^3.0.4"
    "resolve" "^1.3.2"
    "semver" "^5.3.0"
    "tslib" "^1.7.1"
    "tsutils" "^2.12.1"

"tsutils@^1.4.0":
  "integrity" "sha1-ufmrROVa+WgYMdXyjQrur1x1DLA="
  "resolved" "https://registry.npmjs.org/tsutils/-/tsutils-1.9.1.tgz"
  "version" "1.9.1"

"tsutils@^2.12.1", "tsutils@^2.8.0":
  "integrity" "sha512-FuWzNJbMsp3gcZMbI3b5DomhW4Ia41vMxjN63nKWI0t7f+I3UmHfRl0TrXJTwI2LUduDG+eR1Mksp3pvtlyCFQ=="
  "resolved" "https://registry.npmjs.org/tsutils/-/tsutils-2.13.0.tgz"
  "version" "2.13.0"
  dependencies:
    "tslib" "^1.7.1"

"typescript@^2.6.2", "typescript@>=2.0.0 || >=2.0.0-dev || >=2.1.0-dev || >=2.2.0-dev || >=2.3.0-dev || >= 2.4.0-dev", "typescript@>=2.1.0 || >=2.1.0-dev || >=2.2.0-dev || >=2.3.0-dev || >= 2.4.0-dev || >= 2.5.0-dev || >= 2.6.0-dev || >= 2.7.0-dev || >= 2.8.0-dev", "typescript@>=2.1.0 || >=2.1.0-dev || >=2.2.0-dev || >=2.3.0-dev || >=2.4.0-dev || >=2.5.0-dev || >=2.6.0-dev", "typescript@>=2.1.0 || >=2.1.0-dev || >=2.2.0-dev || >=2.3.0-dev || >=2.4.0-dev || >=2.5.0-dev || >=2.6.0-dev || >=2.7.0-dev":
  "integrity" "sha1-PFtv1/beCRQmkCfwPAlGdY92c6Q="
  "resolved" "https://registry.npmjs.org/typescript/-/typescript-2.6.2.tgz"
  "version" "2.6.2"

"wrappy@1":
  "integrity" "sha1-tSQ9jz7BqjXxNkYFvA0QNuMKtp8="
  "resolved" "https://registry.npmjs.org/wrappy/-/wrappy-1.0.2.tgz"
  "version" "1.0.2"
